<Solution>
  <Project Path="UnityEngine.UI.csproj" />
  <Project Path="UnityEngine.TestRunner.csproj" />
  <Project Path="UnityEditor.UI.csproj" />
  <Project Path="UnityEditor.UI.Analytics.csproj" />
  <Project Path="UnityEditor.TestRunner.csproj" />
  <Project Path="Unity.VisualStudio.Editor.csproj" />
  <Project Path="Unity.Multiplayer.Center.Editor.csproj" />
  <Project Path="Unity.TextMeshPro.csproj" />
  <Project Path="LLMDevTools.Editor.csproj" />
  <Project Path="Unity.TextMeshPro.Editor.csproj" />
  <Project Path="LLMDevTools.Editor.Tests.csproj" />
  <Project Path="Unity.Multiplayer.Center.Common.csproj" />
  <Project Path="Unity.InternalAPIEngineBridge.004.csproj" />
</Solution>
